// !$*UTF8*$!
{
	archiveVersion = 1;
	classes = {
	};
	objectVersion = 46;
	objects = {

/* Begin PBXBuildFile section */
		B1789E201B853F3300310522 /* TableViewCell.swift in Sources */ = {isa = PBXBuildFile; fileRef = B1789E1F1B853F3300310522 /* TableViewCell.swift */; };
		B1789E221B85427900310522 /* NutritionFactsViewController.swift in Sources */ = {isa = PBXBuildFile; fileRef = B1789E211B85427900310522 /* NutritionFactsViewController.swift */; };
		B1789E241B8549EC00310522 /* BrandsTableViewController.swift in Sources */ = {isa = PBXBuildFile; fileRef = B1789E231B8549EC00310522 /* BrandsTableViewController.swift */; };
		B1874C1B1B7651FB003AA824 /* AppDelegate.swift in Sources */ = {isa = PBXBuildFile; fileRef = B1874C1A1B7651FB003AA824 /* AppDelegate.swift */; };
		B1874C1D1B7651FB003AA824 /* ViewController.swift in Sources */ = {isa = PBXBuildFile; fileRef = B1874C1C1B7651FB003AA824 /* ViewController.swift */; };
		B1874C201B7651FB003AA824 /* Main.storyboard in Resources */ = {isa = PBXBuildFile; fileRef = B1874C1E1B7651FB003AA824 /* Main.storyboard */; };
		B1874C221B7651FB003AA824 /* Images.xcassets in Resources */ = {isa = PBXBuildFile; fileRef = B1874C211B7651FB003AA824 /* Images.xcassets */; };
		B1874C251B7651FB003AA824 /* LaunchScreen.xib in Resources */ = {isa = PBXBuildFile; fileRef = B1874C231B7651FB003AA824 /* LaunchScreen.xib */; };
		B1874C311B7651FB003AA824 /* Nutrition_StockUpTests.swift in Sources */ = {isa = PBXBuildFile; fileRef = B1874C301B7651FB003AA824 /* Nutrition_StockUpTests.swift */; };
		B18E949E1B8A300600039F89 /* stockup-logo1.png in Resources */ = {isa = PBXBuildFile; fileRef = B18E949D1B8A300600039F89 /* stockup-logo1.png */; };
		B1F0876A1B8A39EA004682E8 /* BrandNutritionFile.swift in Sources */ = {isa = PBXBuildFile; fileRef = B1F087691B8A39EA004682E8 /* BrandNutritionFile.swift */; };
		B1F0876C1B8A75EE004682E8 /* TakePhotoViewController.swift in Sources */ = {isa = PBXBuildFile; fileRef = B1F0876B1B8A75EE004682E8 /* TakePhotoViewController.swift */; };
/* End PBXBuildFile section */

/* Begin PBXContainerItemProxy section */
		B1874C2B1B7651FB003AA824 /* PBXContainerItemProxy */ = {
			isa = PBXContainerItemProxy;
			containerPortal = B1874C0D1B7651FB003AA824 /* Project object */;
			proxyType = 1;
			remoteGlobalIDString = B1874C141B7651FB003AA824;
			remoteInfo = "Nutrition StockUp";
		};
/* End PBXContainerItemProxy section */

/* Begin PBXFileReference section */
		B1789E1F1B853F3300310522 /* TableViewCell.swift */ = {isa = PBXFileReference; fileEncoding = 4; lastKnownFileType = sourcecode.swift; path = TableViewCell.swift; sourceTree = "<group>"; };
		B1789E211B85427900310522 /* NutritionFactsViewController.swift */ = {isa = PBXFileReference; fileEncoding = 4; lastKnownFileType = sourcecode.swift; path = NutritionFactsViewController.swift; sourceTree = "<group>"; };
		B1789E231B8549EC00310522 /* BrandsTableViewController.swift */ = {isa = PBXFileReference; fileEncoding = 4; lastKnownFileType = sourcecode.swift; path = BrandsTableViewController.swift; sourceTree = "<group>"; };
		B1874C151B7651FB003AA824 /* Nutrition StockUp.app */ = {isa = PBXFileReference; explicitFileType = wrapper.application; includeInIndex = 0; path = "Nutrition StockUp.app"; sourceTree = BUILT_PRODUCTS_DIR; };
		B1874C191B7651FB003AA824 /* Info.plist */ = {isa = PBXFileReference; lastKnownFileType = text.plist.xml; path = Info.plist; sourceTree = "<group>"; };
		B1874C1A1B7651FB003AA824 /* AppDelegate.swift */ = {isa = PBXFileReference; lastKnownFileType = sourcecode.swift; path = AppDelegate.swift; sourceTree = "<group>"; };
		B1874C1C1B7651FB003AA824 /* ViewController.swift */ = {isa = PBXFileReference; lastKnownFileType = sourcecode.swift; path = ViewController.swift; sourceTree = "<group>"; };
		B1874C1F1B7651FB003AA824 /* Base */ = {isa = PBXFileReference; lastKnownFileType = file.storyboard; name = Base; path = Base.lproj/Main.storyboard; sourceTree = "<group>"; };
		B1874C211B7651FB003AA824 /* Images.xcassets */ = {isa = PBXFileReference; lastKnownFileType = folder.assetcatalog; path = Images.xcassets; sourceTree = "<group>"; };
		B1874C241B7651FB003AA824 /* Base */ = {isa = PBXFileReference; lastKnownFileType = file.xib; name = Base; path = Base.lproj/LaunchScreen.xib; sourceTree = "<group>"; };
		B1874C2A1B7651FB003AA824 /* Nutrition StockUpTests.xctest */ = {isa = PBXFileReference; explicitFileType = wrapper.cfbundle; includeInIndex = 0; path = "Nutrition StockUpTests.xctest"; sourceTree = BUILT_PRODUCTS_DIR; };
		B1874C2F1B7651FB003AA824 /* Info.plist */ = {isa = PBXFileReference; lastKnownFileType = text.plist.xml; path = Info.plist; sourceTree = "<group>"; };
		B1874C301B7651FB003AA824 /* Nutrition_StockUpTests.swift */ = {isa = PBXFileReference; lastKnownFileType = sourcecode.swift; path = Nutrition_StockUpTests.swift; sourceTree = "<group>"; };
		B18E949D1B8A300600039F89 /* stockup-logo1.png */ = {isa = PBXFileReference; lastKnownFileType = image.png; path = "stockup-logo1.png"; sourceTree = "<group>"; };
		B1F087691B8A39EA004682E8 /* BrandNutritionFile.swift */ = {isa = PBXFileReference; fileEncoding = 4; lastKnownFileType = sourcecode.swift; path = BrandNutritionFile.swift; sourceTree = "<group>"; };
		B1F0876B1B8A75EE004682E8 /* TakePhotoViewController.swift */ = {isa = PBXFileReference; fileEncoding = 4; lastKnownFileType = sourcecode.swift; path = TakePhotoViewController.swift; sourceTree = "<group>"; };
/* End PBXFileReference section */

/* Begin PBXFrameworksBuildPhase section */
		B1874C121B7651FB003AA824 /* Frameworks */ = {
			isa = PBXFrameworksBuildPhase;
			buildActionMask = 2147483647;
			files = (
			);
			runOnlyForDeploymentPostprocessing = 0;
		};
		B1874C271B7651FB003AA824 /* Frameworks */ = {
			isa = PBXFrameworksBuildPhase;
			buildActionMask = 2147483647;
			files = (
			);
			runOnlyForDeploymentPostprocessing = 0;
		};
/* End PBXFrameworksBuildPhase section */

/* Begin PBXGroup section */
		B1874C0C1B7651FB003AA824 = {
			isa = PBXGroup;
			children = (
				B1874C171B7651FB003AA824 /* Nutrition StockUp */,
				B1874C2D1B7651FB003AA824 /* Nutrition StockUpTests */,
				B1874C161B7651FB003AA824 /* Products */,
			);
			sourceTree = "<group>";
		};
		B1874C161B7651FB003AA824 /* Products */ = {
			isa = PBXGroup;
			children = (
				B1874C151B7651FB003AA824 /* Nutrition StockUp.app */,
				B1874C2A1B7651FB003AA824 /* Nutrition StockUpTests.xctest */,
			);
			name = Products;
			sourceTree = "<group>";
		};
		B1874C171B7651FB003AA824 /* Nutrition StockUp */ = {
			isa = PBXGroup;
			children = (
				B18E949D1B8A300600039F89 /* stockup-logo1.png */,
				B1874C1A1B7651FB003AA824 /* AppDelegate.swift */,
				B1874C1C1B7651FB003AA824 /* ViewController.swift */,
				B1789E1F1B853F3300310522 /* TableViewCell.swift */,
				B1874C1E1B7651FB003AA824 /* Main.storyboard */,
				B1F0876B1B8A75EE004682E8 /* TakePhotoViewController.swift */,
				B1789E231B8549EC00310522 /* BrandsTableViewController.swift */,
				B1789E211B85427900310522 /* NutritionFactsViewController.swift */,
				B1F087691B8A39EA004682E8 /* BrandNutritionFile.swift */,
				B1874C211B7651FB003AA824 /* Images.xcassets */,
				B1874C231B7651FB003AA824 /* LaunchScreen.xib */,
				B1874C181B7651FB003AA824 /* Supporting Files */,
			);
			path = "Nutrition StockUp";
			sourceTree = "<group>";
		};
		B1874C181B7651FB003AA824 /* Supporting Files */ = {
			isa = PBXGroup;
			children = (
				B1874C191B7651FB003AA824 /* Info.plist */,
			);
			name = "Supporting Files";
			sourceTree = "<group>";
		};
		B1874C2D1B7651FB003AA824 /* Nutrition StockUpTests */ = {
			isa = PBXGroup;
			children = (
				B1874C301B7651FB003AA824 /* Nutrition_StockUpTests.swift */,
				B1874C2E1B7651FB003AA824 /* Supporting Files */,
			);
			path = "Nutrition StockUpTests";
			sourceTree = "<group>";
		};
		B1874C2E1B7651FB003AA824 /* Supporting Files */ = {
			isa = PBXGroup;
			children = (
				B1874C2F1B7651FB003AA824 /* Info.plist */,
			);
			name = "Supporting Files";
			sourceTree = "<group>";
		};
/* End PBXGroup section */

/* Begin PBXNativeTarget section */
		B1874C141B7651FB003AA824 /* Nutrition StockUp */ = {
			isa = PBXNativeTarget;
			buildConfigurationList = B1874C341B7651FB003AA824 /* Build configuration list for PBXNativeTarget "Nutrition StockUp" */;
			buildPhases = (
				B1874C111B7651FB003AA824 /* Sources */,
				B1874C121B7651FB003AA824 /* Frameworks */,
				B1874C131B7651FB003AA824 /* Resources */,
			);
			buildRules = (
			);
			dependencies = (
			);
			name = "Nutrition StockUp";
			productName = "Nutrition StockUp";
			productReference = B1874C151B7651FB003AA824 /* Nutrition StockUp.app */;
			productType = "com.apple.product-type.application";
		};
		B1874C291B7651FB003AA824 /* Nutrition StockUpTests */ = {
			isa = PBXNativeTarget;
			buildConfigurationList = B1874C371B7651FB003AA824 /* Build configuration list for PBXNativeTarget "Nutrition StockUpTests" */;
			buildPhases = (
				B1874C261B7651FB003AA824 /* Sources */,
				B1874C271B7651FB003AA824 /* Frameworks */,
				B1874C281B7651FB003AA824 /* Resources */,
			);
			buildRules = (
			);
			dependencies = (
				B1874C2C1B7651FB003AA824 /* PBXTargetDependency */,
			);
			name = "Nutrition StockUpTests";
			productName = "Nutrition StockUpTests";
			productReference = B1874C2A1B7651FB003AA824 /* Nutrition StockUpTests.xctest */;
			productType = "com.apple.product-type.bundle.unit-test";
		};
/* End PBXNativeTarget section */

/* Begin PBXProject section */
		B1874C0D1B7651FB003AA824 /* Project object */ = {
			isa = PBXProject;
			attributes = {
				LastUpgradeCheck = 0640;
				ORGANIZATIONNAME = "Rashod Qaim";
				TargetAttributes = {
					B1874C141B7651FB003AA824 = {
						CreatedOnToolsVersion = 6.4;
					};
					B1874C291B7651FB003AA824 = {
						CreatedOnToolsVersion = 6.4;
						TestTargetID = B1874C141B7651FB003AA824;
					};
				};
			};
			buildConfigurationList = B1874C101B7651FB003AA824 /* Build configuration list for PBXProject "Nutrition StockUp" */;
			compatibilityVersion = "Xcode 3.2";
			developmentRegion = English;
			hasScannedForEncodings = 0;
			knownRegions = (
				en,
				Base,
			);
			mainGroup = B1874C0C1B7651FB003AA824;
			productRefGroup = B1874C161B7651FB003AA824 /* Products */;
			projectDirPath = "";
			projectRoot = "";
			targets = (
				B1874C141B7651FB003AA824 /* Nutrition StockUp */,
				B1874C291B7651FB003AA824 /* Nutrition StockUpTests */,
			);
		};
/* End PBXProject section */

/* Begin PBXResourcesBuildPhase section */
		B1874C131B7651FB003AA824 /* Resources */ = {
			isa = PBXResourcesBuildPhase;
			buildActionMask = 2147483647;
			files = (
				B18E949E1B8A300600039F89 /* stockup-logo1.png in Resources */,
				B1874C201B7651FB003AA824 /* Main.storyboard in Resources */,
				B1874C251B7651FB003AA824 /* LaunchScreen.xib in Resources */,
				B1874C221B7651FB003AA824 /* Images.xcassets in Resources */,
			);
			runOnlyForDeploymentPostprocessing = 0;
		};
		B1874C281B7651FB003AA824 /* Resources */ = {
			isa = PBXResourcesBuildPhase;
			buildActionMask = 2147483647;
			files = (
			);
			runOnlyForDeploymentPostprocessing = 0;
		};
/* End PBXResourcesBuildPhase section */

/* Begin PBXSourcesBuildPhase section */
		B1874C111B7651FB003AA824 /* Sources */ = {
			isa = PBXSourcesBuildPhase;
			buildActionMask = 2147483647;
			files = (
				B1F0876A1B8A39EA004682E8 /* BrandNutritionFile.swift in Sources */,
				B1789E201B853F3300310522 /* TableViewCell.swift in Sources */,
				B1874C1D1B7651FB003AA824 /* ViewController.swift in Sources */,
				B1F0876C1B8A75EE004682E8 /* TakePhotoViewController.swift in Sources */,
				B1874C1B1B7651FB003AA824 /* AppDelegate.swift in Sources */,
				B1789E241B8549EC00310522 /* BrandsTableViewController.swift in Sources */,
				B1789E221B85427900310522 /* NutritionFactsViewController.swift in Sources */,
			);
			runOnlyForDeploymentPostprocessing = 0;
		};
		B1874C261B7651FB003AA824 /* Sources */ = {
			isa = PBXSourcesBuildPhase;
			buildActionMask = 2147483647;
			files = (
				B1874C311B7651FB003AA824 /* Nutrition_StockUpTests.swift in Sources */,
			);
			runOnlyForDeploymentPostprocessing = 0;
		};
/* End PBXSourcesBuildPhase section */

/* Begin PBXTargetDependency section */
		B1874C2C1B7651FB003AA824 /* PBXTargetDependency */ = {
			isa = PBXTargetDependency;
			target = B1874C141B7651FB003AA824 /* Nutrition StockUp */;
			targetProxy = B1874C2B1B7651FB003AA824 /* PBXContainerItemProxy */;
		};
/* End PBXTargetDependency section */

/* Begin PBXVariantGroup section */
		B1874C1E1B7651FB003AA824 /* Main.storyboard */ = {
			isa = PBXVariantGroup;
			children = (
				B1874C1F1B7651FB003AA824 /* Base */,
			);
			name = Main.storyboard;
			sourceTree = "<group>";
		};
		B1874C231B7651FB003AA824 /* LaunchScreen.xib */ = {
			isa = PBXVariantGroup;
			children = (
				B1874C241B7651FB003AA824 /* Base */,
			);
			name = LaunchScreen.xib;
			sourceTree = "<group>";
		};
/* End PBXVariantGroup section */

/* Begin XCBuildConfiguration section */
		B1874C321B7651FB003AA824 /* Debug */ = {
			isa = XCBuildConfiguration;
			buildSettings = {
				ALWAYS_SEARCH_USER_PATHS = NO;
				CLANG_CXX_LANGUAGE_STANDARD = "gnu++0x";
				CLANG_CXX_LIBRARY = "libc++";
				CLANG_ENABLE_MODULES = YES;
				CLANG_ENABLE_OBJC_ARC = YES;
				CLANG_WARN_BOOL_CONVERSION = YES;
				CLANG_WARN_CONSTANT_CONVERSION = YES;
				CLANG_WARN_DIRECT_OBJC_ISA_USAGE = YES_ERROR;
				CLANG_WARN_EMPTY_BODY = YES;
				CLANG_WARN_ENUM_CONVERSION = YES;
				CLANG_WARN_INT_CONVERSION = YES;
				CLANG_WARN_OBJC_ROOT_CLASS = YES_ERROR;
				CLANG_WARN_UNREACHABLE_CODE = YES;
				CLANG_WARN__DUPLICATE_METHOD_MATCH = YES;
				"CODE_SIGN_IDENTITY[sdk=iphoneos*]" = "iPhone Developer";
				COPY_PHASE_STRIP = NO;
				DEBUG_INFORMATION_FORMAT = "dwarf-with-dsym";
				ENABLE_STRICT_OBJC_MSGSEND = YES;
				GCC_C_LANGUAGE_STANDARD = gnu99;
				GCC_DYNAMIC_NO_PIC = NO;
				GCC_NO_COMMON_BLOCKS = YES;
				GCC_OPTIMIZATION_LEVEL = 0;
				GCC_PREPROCESSOR_DEFINITIONS = (
					"DEBUG=1",
					"$(inherited)",
				);
				GCC_SYMBOLS_PRIVATE_EXTERN = NO;
				GCC_WARN_64_TO_32_BIT_CONVERSION = YES;
				GCC_WARN_ABOUT_RETURN_TYPE = YES_ERROR;
				GCC_WARN_UNDECLARED_SELECTOR = YES;
				GCC_WARN_UNINITIALIZED_AUTOS = YES_AGGRESSIVE;
				GCC_WARN_UNUSED_FUNCTION = YES;
				GCC_WARN_UNUSED_VARIABLE = YES;
				IPHONEOS_DEPLOYMENT_TARGET = 8.4;
				MTL_ENABLE_DEBUG_INFO = YES;
				ONLY_ACTIVE_ARCH = YES;
				SDKROOT = iphoneos;
				SWIFT_OPTIMIZATION_LEVEL = "-Onone";
			};
			name = Debug;
		};
		B1874C331B7651FB003AA824 /* Release */ = {
			isa = XCBuildConfiguration;
			buildSettings = {
				ALWAYS_SEARCH_USER_PATHS = NO;
				CLANG_CXX_LANGUAGE_STANDARD = "gnu++0x";
				CLANG_CXX_LIBRARY = "libc++";
				CLANG_ENABLE_MODULES = YES;
				CLANG_ENABLE_OBJC_ARC = YES;
				CLANG_WARN_BOOL_CONVERSION = YES;
				CLANG_WARN_CONSTANT_CONVERSION = YES;
				CLANG_WARN_DIRECT_OBJC_ISA_USAGE = YES_ERROR;
				CLANG_WARN_EMPTY_BODY = YES;
				CLANG_WARN_ENUM_CONVERSION = YES;
				CLANG_WARN_INT_CONVERSION = YES;
				CLANG_WARN_OBJC_ROOT_CLASS = YES_ERROR;
				CLANG_WARN_UNREACHABLE_CODE = YES;
				CLANG_WARN__DUPLICATE_METHOD_MATCH = YES;
				"CODE_SIGN_IDENTITY[sdk=iphoneos*]" = "iPhone Developer";
				COPY_PHASE_STRIP = NO;
				DEBUG_INFORMATION_FORMAT = "dwarf-with-dsym";
				ENABLE_NS_ASSERTIONS = NO;
				ENABLE_STRICT_OBJC_MSGSEND = YES;
				GCC_C_LANGUAGE_STANDARD = gnu99;
				GCC_NO_COMMON_BLOCKS = YES;
				GCC_WARN_64_TO_32_BIT_CONVERSION = YES;
				GCC_WARN_ABOUT_RETURN_TYPE = YES_ERROR;
				GCC_WARN_UNDECLARED_SELECTOR = YES;
				GCC_WARN_UNINITIALIZED_AUTOS = YES_AGGRESSIVE;
				GCC_WARN_UNUSED_FUNCTION = YES;
				GCC_WARN_UNUSED_VARIABLE = YES;
				IPHONEOS_DEPLOYMENT_TARGET = 8.4;
				MTL_ENABLE_DEBUG_INFO = NO;
				SDKROOT = iphoneos;
				VALIDATE_PRODUCT = YES;
			};
			name = Release;
		};
		B1874C351B7651FB003AA824 /* Debug */ = {
			isa = XCBuildConfiguration;
			buildSettings = {
				ASSETCATALOG_COMPILER_APPICON_NAME = AppIcon;
				INFOPLIST_FILE = "Nutrition StockUp/Info.plist";
				LD_RUNPATH_SEARCH_PATHS = "$(inherited) @executable_path/Frameworks";
				PRODUCT_NAME = "$(TARGET_NAME)";
			};
			name = Debug;
		};
		B1874C361B7651FB003AA824 /* Release */ = {
			isa = XCBuildConfiguration;
			buildSettings = {
				ASSETCATALOG_COMPILER_APPICON_NAME = AppIcon;
				INFOPLIST_FILE = "Nutrition StockUp/Info.plist";
				LD_RUNPATH_SEARCH_PATHS = "$(inherited) @executable_path/Frameworks";
				PRODUCT_NAME = "$(TARGET_NAME)";
			};
			name = Release;
		};
		B1874C381B7651FB003AA824 /* Debug */ = {
			isa = XCBuildConfiguration;
			buildSettings = {
				BUNDLE_LOADER = "$(TEST_HOST)";
				FRAMEWORK_SEARCH_PATHS = (
					"$(SDKROOT)/Developer/Library/Frameworks",
					"$(inherited)",
				);
				GCC_PREPROCESSOR_DEFINITIONS = (
					"DEBUG=1",
					"$(inherited)",
				);
				INFOPLIST_FILE = "Nutrition StockUpTests/Info.plist";
				LD_RUNPATH_SEARCH_PATHS = "$(inherited) @executable_path/Frameworks @loader_path/Frameworks";
				PRODUCT_NAME = "$(TARGET_NAME)";
				TEST_HOST = "$(BUILT_PRODUCTS_DIR)/Nutrition StockUp.app/Nutrition StockUp";
			};
			name = Debug;
		};
		B1874C391B7651FB003AA824 /* Release */ = {
			isa = XCBuildConfiguration;
			buildSettings = {
				BUNDLE_LOADER = "$(TEST_HOST)";
				FRAMEWORK_SEARCH_PATHS = (
					"$(SDKROOT)/Developer/Library/Frameworks",
					"$(inherited)",
				);
				INFOPLIST_FILE = "Nutrition StockUpTests/Info.plist";
				LD_RUNPATH_SEARCH_PATHS = "$(inherited) @executable_path/Frameworks @loader_path/Frameworks";
				PRODUCT_NAME = "$(TARGET_NAME)";
				TEST_HOST = "$(BUILT_PRODUCTS_DIR)/Nutrition StockUp.app/Nutrition StockUp";
			};
			name = Release;
		};
/* End XCBuildConfiguration section */

/* Begin XCConfigurationList section */
		B1874C101B7651FB003AA824 /* Build configuration list for PBXProject "Nutrition StockUp" */ = {
			isa = XCConfigurationList;
			buildConfigurations = (
				B1874C321B7651FB003AA824 /* Debug */,
				B1874C331B7651FB003AA824 /* Release */,
			);
			defaultConfigurationIsVisible = 0;
			defaultConfigurationName = Release;
		};
		B1874C341B7651FB003AA824 /* Build configuration list for PBXNativeTarget "Nutrition StockUp" */ = {
			isa = XCConfigurationList;
			buildConfigurations = (
				B1874C351B7651FB003AA824 /* Debug */,
				B1874C361B7651FB003AA824 /* Release */,
			);
			defaultConfigurationIsVisible = 0;
			defaultConfigurationName = Release;
		};
		B1874C371B7651FB003AA824 /* Build configuration list for PBXNativeTarget "Nutrition StockUpTests" */ = {
			isa = XCConfigurationList;
			buildConfigurations = (
				B1874C381B7651FB003AA824 /* Debug */,
				B1874C391B7651FB003AA824 /* Release */,
			);
			defaultConfigurationIsVisible = 0;
			defaultConfigurationName = Release;
		};
/* End XCConfigurationList section */
	};
	rootObject = B1874C0D1B7651FB003AA824 /* Project object */;
}
