// !$*UTF8*$!
{
	archiveVersion = 1;
	classes = {
	};
	objectVersion = 46;
	objects = {

/* Begin PBXBuildFile section */
		8EBB18F71B547FA700F98BD3 /* AppDelegate.swift in Sources */ = {isa = PBXBuildFile; fileRef = 8EBB18F61B547FA700F98BD3 /* AppDelegate.swift */; };
		8EBB18F91B547FA700F98BD3 /* ViewController.swift in Sources */ = {isa = PBXBuildFile; fileRef = 8EBB18F81B547FA700F98BD3 /* ViewController.swift */; };
		8EBB18FC1B547FA700F98BD3 /* Main.storyboard in Resources */ = {isa = PBXBuildFile; fileRef = 8EBB18FA1B547FA700F98BD3 /* Main.storyboard */; };
		8EBB18FE1B547FA700F98BD3 /* Images.xcassets in Resources */ = {isa = PBXBuildFile; fileRef = 8EBB18FD1B547FA700F98BD3 /* Images.xcassets */; };
		8EBB19011B547FA700F98BD3 /* LaunchScreen.xib in Resources */ = {isa = PBXBuildFile; fileRef = 8EBB18FF1B547FA700F98BD3 /* LaunchScreen.xib */; };
		8EBB190D1B547FA700F98BD3 /* Lesson12_CGExampleTests.swift in Sources */ = {isa = PBXBuildFile; fileRef = 8EBB190C1B547FA700F98BD3 /* Lesson12_CGExampleTests.swift */; };
/* End PBXBuildFile section */

/* Begin PBXContainerItemProxy section */
		8EBB19071B547FA700F98BD3 /* PBXContainerItemProxy */ = {
			isa = PBXContainerItemProxy;
			containerPortal = 8EBB18E91B547FA700F98BD3 /* Project object */;
			proxyType = 1;
			remoteGlobalIDString = 8EBB18F01B547FA700F98BD3;
			remoteInfo = "Lesson12-CGExample";
		};
/* End PBXContainerItemProxy section */

/* Begin PBXFileReference section */
		8EBB18F11B547FA700F98BD3 /* Lesson12-CGExample.app */ = {isa = PBXFileReference; explicitFileType = wrapper.application; includeInIndex = 0; path = "Lesson12-CGExample.app"; sourceTree = BUILT_PRODUCTS_DIR; };
		8EBB18F51B547FA700F98BD3 /* Info.plist */ = {isa = PBXFileReference; lastKnownFileType = text.plist.xml; path = Info.plist; sourceTree = "<group>"; };
		8EBB18F61B547FA700F98BD3 /* AppDelegate.swift */ = {isa = PBXFileReference; lastKnownFileType = sourcecode.swift; path = AppDelegate.swift; sourceTree = "<group>"; };
		8EBB18F81B547FA700F98BD3 /* ViewController.swift */ = {isa = PBXFileReference; lastKnownFileType = sourcecode.swift; path = ViewController.swift; sourceTree = "<group>"; };
		8EBB18FB1B547FA700F98BD3 /* Base */ = {isa = PBXFileReference; lastKnownFileType = file.storyboard; name = Base; path = Base.lproj/Main.storyboard; sourceTree = "<group>"; };
		8EBB18FD1B547FA700F98BD3 /* Images.xcassets */ = {isa = PBXFileReference; lastKnownFileType = folder.assetcatalog; path = Images.xcassets; sourceTree = "<group>"; };
		8EBB19001B547FA700F98BD3 /* Base */ = {isa = PBXFileReference; lastKnownFileType = file.xib; name = Base; path = Base.lproj/LaunchScreen.xib; sourceTree = "<group>"; };
		8EBB19061B547FA700F98BD3 /* Lesson12-CGExampleTests.xctest */ = {isa = PBXFileReference; explicitFileType = wrapper.cfbundle; includeInIndex = 0; path = "Lesson12-CGExampleTests.xctest"; sourceTree = BUILT_PRODUCTS_DIR; };
		8EBB190B1B547FA700F98BD3 /* Info.plist */ = {isa = PBXFileReference; lastKnownFileType = text.plist.xml; path = Info.plist; sourceTree = "<group>"; };
		8EBB190C1B547FA700F98BD3 /* Lesson12_CGExampleTests.swift */ = {isa = PBXFileReference; lastKnownFileType = sourcecode.swift; path = Lesson12_CGExampleTests.swift; sourceTree = "<group>"; };
/* End PBXFileReference section */

/* Begin PBXFrameworksBuildPhase section */
		8EBB18EE1B547FA700F98BD3 /* Frameworks */ = {
			isa = PBXFrameworksBuildPhase;
			buildActionMask = 2147483647;
			files = (
			);
			runOnlyForDeploymentPostprocessing = 0;
		};
		8EBB19031B547FA700F98BD3 /* Frameworks */ = {
			isa = PBXFrameworksBuildPhase;
			buildActionMask = 2147483647;
			files = (
			);
			runOnlyForDeploymentPostprocessing = 0;
		};
/* End PBXFrameworksBuildPhase section */

/* Begin PBXGroup section */
		8EBB18E81B547FA700F98BD3 = {
			isa = PBXGroup;
			children = (
				8EBB18F31B547FA700F98BD3 /* Lesson12-CGExample */,
				8EBB19091B547FA700F98BD3 /* Lesson12-CGExampleTests */,
				8EBB18F21B547FA700F98BD3 /* Products */,
			);
			sourceTree = "<group>";
		};
		8EBB18F21B547FA700F98BD3 /* Products */ = {
			isa = PBXGroup;
			children = (
				8EBB18F11B547FA700F98BD3 /* Lesson12-CGExample.app */,
				8EBB19061B547FA700F98BD3 /* Lesson12-CGExampleTests.xctest */,
			);
			name = Products;
			sourceTree = "<group>";
		};
		8EBB18F31B547FA700F98BD3 /* Lesson12-CGExample */ = {
			isa = PBXGroup;
			children = (
				8EBB18F61B547FA700F98BD3 /* AppDelegate.swift */,
				8EBB18F81B547FA700F98BD3 /* ViewController.swift */,
				8EBB18FA1B547FA700F98BD3 /* Main.storyboard */,
				8EBB18FD1B547FA700F98BD3 /* Images.xcassets */,
				8EBB18FF1B547FA700F98BD3 /* LaunchScreen.xib */,
				8EBB18F41B547FA700F98BD3 /* Supporting Files */,
			);
			path = "Lesson12-CGExample";
			sourceTree = "<group>";
		};
		8EBB18F41B547FA700F98BD3 /* Supporting Files */ = {
			isa = PBXGroup;
			children = (
				8EBB18F51B547FA700F98BD3 /* Info.plist */,
			);
			name = "Supporting Files";
			sourceTree = "<group>";
		};
		8EBB19091B547FA700F98BD3 /* Lesson12-CGExampleTests */ = {
			isa = PBXGroup;
			children = (
				8EBB190C1B547FA700F98BD3 /* Lesson12_CGExampleTests.swift */,
				8EBB190A1B547FA700F98BD3 /* Supporting Files */,
			);
			path = "Lesson12-CGExampleTests";
			sourceTree = "<group>";
		};
		8EBB190A1B547FA700F98BD3 /* Supporting Files */ = {
			isa = PBXGroup;
			children = (
				8EBB190B1B547FA700F98BD3 /* Info.plist */,
			);
			name = "Supporting Files";
			sourceTree = "<group>";
		};
/* End PBXGroup section */

/* Begin PBXNativeTarget section */
		8EBB18F01B547FA700F98BD3 /* Lesson12-CGExample */ = {
			isa = PBXNativeTarget;
			buildConfigurationList = 8EBB19101B547FA700F98BD3 /* Build configuration list for PBXNativeTarget "Lesson12-CGExample" */;
			buildPhases = (
				8EBB18ED1B547FA700F98BD3 /* Sources */,
				8EBB18EE1B547FA700F98BD3 /* Frameworks */,
				8EBB18EF1B547FA700F98BD3 /* Resources */,
			);
			buildRules = (
			);
			dependencies = (
			);
			name = "Lesson12-CGExample";
			productName = "Lesson12-CGExample";
			productReference = 8EBB18F11B547FA700F98BD3 /* Lesson12-CGExample.app */;
			productType = "com.apple.product-type.application";
		};
		8EBB19051B547FA700F98BD3 /* Lesson12-CGExampleTests */ = {
			isa = PBXNativeTarget;
			buildConfigurationList = 8EBB19131B547FA700F98BD3 /* Build configuration list for PBXNativeTarget "Lesson12-CGExampleTests" */;
			buildPhases = (
				8EBB19021B547FA700F98BD3 /* Sources */,
				8EBB19031B547FA700F98BD3 /* Frameworks */,
				8EBB19041B547FA700F98BD3 /* Resources */,
			);
			buildRules = (
			);
			dependencies = (
				8EBB19081B547FA700F98BD3 /* PBXTargetDependency */,
			);
			name = "Lesson12-CGExampleTests";
			productName = "Lesson12-CGExampleTests";
			productReference = 8EBB19061B547FA700F98BD3 /* Lesson12-CGExampleTests.xctest */;
			productType = "com.apple.product-type.bundle.unit-test";
		};
/* End PBXNativeTarget section */

/* Begin PBXProject section */
		8EBB18E91B547FA700F98BD3 /* Project object */ = {
			isa = PBXProject;
			attributes = {
				LastUpgradeCheck = 0640;
				ORGANIZATIONNAME = "Arthur Ariel Sabintsev";
				TargetAttributes = {
					8EBB18F01B547FA700F98BD3 = {
						CreatedOnToolsVersion = 6.4;
					};
					8EBB19051B547FA700F98BD3 = {
						CreatedOnToolsVersion = 6.4;
						TestTargetID = 8EBB18F01B547FA700F98BD3;
					};
				};
			};
			buildConfigurationList = 8EBB18EC1B547FA700F98BD3 /* Build configuration list for PBXProject "Lesson12-CGExample" */;
			compatibilityVersion = "Xcode 3.2";
			developmentRegion = English;
			hasScannedForEncodings = 0;
			knownRegions = (
				en,
				Base,
			);
			mainGroup = 8EBB18E81B547FA700F98BD3;
			productRefGroup = 8EBB18F21B547FA700F98BD3 /* Products */;
			projectDirPath = "";
			projectRoot = "";
			targets = (
				8EBB18F01B547FA700F98BD3 /* Lesson12-CGExample */,
				8EBB19051B547FA700F98BD3 /* Lesson12-CGExampleTests */,
			);
		};
/* End PBXProject section */

/* Begin PBXResourcesBuildPhase section */
		8EBB18EF1B547FA700F98BD3 /* Resources */ = {
			isa = PBXResourcesBuildPhase;
			buildActionMask = 2147483647;
			files = (
				8EBB18FC1B547FA700F98BD3 /* Main.storyboard in Resources */,
				8EBB19011B547FA700F98BD3 /* LaunchScreen.xib in Resources */,
				8EBB18FE1B547FA700F98BD3 /* Images.xcassets in Resources */,
			);
			runOnlyForDeploymentPostprocessing = 0;
		};
		8EBB19041B547FA700F98BD3 /* Resources */ = {
			isa = PBXResourcesBuildPhase;
			buildActionMask = 2147483647;
			files = (
			);
			runOnlyForDeploymentPostprocessing = 0;
		};
/* End PBXResourcesBuildPhase section */

/* Begin PBXSourcesBuildPhase section */
		8EBB18ED1B547FA700F98BD3 /* Sources */ = {
			isa = PBXSourcesBuildPhase;
			buildActionMask = 2147483647;
			files = (
				8EBB18F91B547FA700F98BD3 /* ViewController.swift in Sources */,
				8EBB18F71B547FA700F98BD3 /* AppDelegate.swift in Sources */,
			);
			runOnlyForDeploymentPostprocessing = 0;
		};
		8EBB19021B547FA700F98BD3 /* Sources */ = {
			isa = PBXSourcesBuildPhase;
			buildActionMask = 2147483647;
			files = (
				8EBB190D1B547FA700F98BD3 /* Lesson12_CGExampleTests.swift in Sources */,
			);
			runOnlyForDeploymentPostprocessing = 0;
		};
/* End PBXSourcesBuildPhase section */

/* Begin PBXTargetDependency section */
		8EBB19081B547FA700F98BD3 /* PBXTargetDependency */ = {
			isa = PBXTargetDependency;
			target = 8EBB18F01B547FA700F98BD3 /* Lesson12-CGExample */;
			targetProxy = 8EBB19071B547FA700F98BD3 /* PBXContainerItemProxy */;
		};
/* End PBXTargetDependency section */

/* Begin PBXVariantGroup section */
		8EBB18FA1B547FA700F98BD3 /* Main.storyboard */ = {
			isa = PBXVariantGroup;
			children = (
				8EBB18FB1B547FA700F98BD3 /* Base */,
			);
			name = Main.storyboard;
			sourceTree = "<group>";
		};
		8EBB18FF1B547FA700F98BD3 /* LaunchScreen.xib */ = {
			isa = PBXVariantGroup;
			children = (
				8EBB19001B547FA700F98BD3 /* Base */,
			);
			name = LaunchScreen.xib;
			sourceTree = "<group>";
		};
/* End PBXVariantGroup section */

/* Begin XCBuildConfiguration section */
		8EBB190E1B547FA700F98BD3 /* Debug */ = {
			isa = XCBuildConfiguration;
			buildSettings = {
				ALWAYS_SEARCH_USER_PATHS = NO;
				CLANG_CXX_LANGUAGE_STANDARD = "gnu++0x";
				CLANG_CXX_LIBRARY = "libc++";
				CLANG_ENABLE_MODULES = YES;
				CLANG_ENABLE_OBJC_ARC = YES;
				CLANG_WARN_BOOL_CONVERSION = YES;
				CLANG_WARN_CONSTANT_CONVERSION = YES;
				CLANG_WARN_DIRECT_OBJC_ISA_USAGE = YES_ERROR;
				CLANG_WARN_EMPTY_BODY = YES;
				CLANG_WARN_ENUM_CONVERSION = YES;
				CLANG_WARN_INT_CONVERSION = YES;
				CLANG_WARN_OBJC_ROOT_CLASS = YES_ERROR;
				CLANG_WARN_UNREACHABLE_CODE = YES;
				CLANG_WARN__DUPLICATE_METHOD_MATCH = YES;
				"CODE_SIGN_IDENTITY[sdk=iphoneos*]" = "iPhone Developer";
				COPY_PHASE_STRIP = NO;
				DEBUG_INFORMATION_FORMAT = "dwarf-with-dsym";
				ENABLE_STRICT_OBJC_MSGSEND = YES;
				GCC_C_LANGUAGE_STANDARD = gnu99;
				GCC_DYNAMIC_NO_PIC = NO;
				GCC_NO_COMMON_BLOCKS = YES;
				GCC_OPTIMIZATION_LEVEL = 0;
				GCC_PREPROCESSOR_DEFINITIONS = (
					"DEBUG=1",
					"$(inherited)",
				);
				GCC_SYMBOLS_PRIVATE_EXTERN = NO;
				GCC_WARN_64_TO_32_BIT_CONVERSION = YES;
				GCC_WARN_ABOUT_RETURN_TYPE = YES_ERROR;
				GCC_WARN_UNDECLARED_SELECTOR = YES;
				GCC_WARN_UNINITIALIZED_AUTOS = YES_AGGRESSIVE;
				GCC_WARN_UNUSED_FUNCTION = YES;
				GCC_WARN_UNUSED_VARIABLE = YES;
				IPHONEOS_DEPLOYMENT_TARGET = 8.4;
				MTL_ENABLE_DEBUG_INFO = YES;
				ONLY_ACTIVE_ARCH = YES;
				SDKROOT = iphoneos;
				SWIFT_OPTIMIZATION_LEVEL = "-Onone";
			};
			name = Debug;
		};
		8EBB190F1B547FA700F98BD3 /* Release */ = {
			isa = XCBuildConfiguration;
			buildSettings = {
				ALWAYS_SEARCH_USER_PATHS = NO;
				CLANG_CXX_LANGUAGE_STANDARD = "gnu++0x";
				CLANG_CXX_LIBRARY = "libc++";
				CLANG_ENABLE_MODULES = YES;
				CLANG_ENABLE_OBJC_ARC = YES;
				CLANG_WARN_BOOL_CONVERSION = YES;
				CLANG_WARN_CONSTANT_CONVERSION = YES;
				CLANG_WARN_DIRECT_OBJC_ISA_USAGE = YES_ERROR;
				CLANG_WARN_EMPTY_BODY = YES;
				CLANG_WARN_ENUM_CONVERSION = YES;
				CLANG_WARN_INT_CONVERSION = YES;
				CLANG_WARN_OBJC_ROOT_CLASS = YES_ERROR;
				CLANG_WARN_UNREACHABLE_CODE = YES;
				CLANG_WARN__DUPLICATE_METHOD_MATCH = YES;
				"CODE_SIGN_IDENTITY[sdk=iphoneos*]" = "iPhone Developer";
				COPY_PHASE_STRIP = NO;
				DEBUG_INFORMATION_FORMAT = "dwarf-with-dsym";
				ENABLE_NS_ASSERTIONS = NO;
				ENABLE_STRICT_OBJC_MSGSEND = YES;
				GCC_C_LANGUAGE_STANDARD = gnu99;
				GCC_NO_COMMON_BLOCKS = YES;
				GCC_WARN_64_TO_32_BIT_CONVERSION = YES;
				GCC_WARN_ABOUT_RETURN_TYPE = YES_ERROR;
				GCC_WARN_UNDECLARED_SELECTOR = YES;
				GCC_WARN_UNINITIALIZED_AUTOS = YES_AGGRESSIVE;
				GCC_WARN_UNUSED_FUNCTION = YES;
				GCC_WARN_UNUSED_VARIABLE = YES;
				IPHONEOS_DEPLOYMENT_TARGET = 8.4;
				MTL_ENABLE_DEBUG_INFO = NO;
				SDKROOT = iphoneos;
				VALIDATE_PRODUCT = YES;
			};
			name = Release;
		};
		8EBB19111B547FA700F98BD3 /* Debug */ = {
			isa = XCBuildConfiguration;
			buildSettings = {
				ASSETCATALOG_COMPILER_APPICON_NAME = AppIcon;
				INFOPLIST_FILE = "Lesson12-CGExample/Info.plist";
				LD_RUNPATH_SEARCH_PATHS = "$(inherited) @executable_path/Frameworks";
				PRODUCT_NAME = "$(TARGET_NAME)";
			};
			name = Debug;
		};
		8EBB19121B547FA700F98BD3 /* Release */ = {
			isa = XCBuildConfiguration;
			buildSettings = {
				ASSETCATALOG_COMPILER_APPICON_NAME = AppIcon;
				INFOPLIST_FILE = "Lesson12-CGExample/Info.plist";
				LD_RUNPATH_SEARCH_PATHS = "$(inherited) @executable_path/Frameworks";
				PRODUCT_NAME = "$(TARGET_NAME)";
			};
			name = Release;
		};
		8EBB19141B547FA700F98BD3 /* Debug */ = {
			isa = XCBuildConfiguration;
			buildSettings = {
				BUNDLE_LOADER = "$(TEST_HOST)";
				FRAMEWORK_SEARCH_PATHS = (
					"$(SDKROOT)/Developer/Library/Frameworks",
					"$(inherited)",
				);
				GCC_PREPROCESSOR_DEFINITIONS = (
					"DEBUG=1",
					"$(inherited)",
				);
				INFOPLIST_FILE = "Lesson12-CGExampleTests/Info.plist";
				LD_RUNPATH_SEARCH_PATHS = "$(inherited) @executable_path/Frameworks @loader_path/Frameworks";
				PRODUCT_NAME = "$(TARGET_NAME)";
				TEST_HOST = "$(BUILT_PRODUCTS_DIR)/Lesson12-CGExample.app/Lesson12-CGExample";
			};
			name = Debug;
		};
		8EBB19151B547FA700F98BD3 /* Release */ = {
			isa = XCBuildConfiguration;
			buildSettings = {
				BUNDLE_LOADER = "$(TEST_HOST)";
				FRAMEWORK_SEARCH_PATHS = (
					"$(SDKROOT)/Developer/Library/Frameworks",
					"$(inherited)",
				);
				INFOPLIST_FILE = "Lesson12-CGExampleTests/Info.plist";
				LD_RUNPATH_SEARCH_PATHS = "$(inherited) @executable_path/Frameworks @loader_path/Frameworks";
				PRODUCT_NAME = "$(TARGET_NAME)";
				TEST_HOST = "$(BUILT_PRODUCTS_DIR)/Lesson12-CGExample.app/Lesson12-CGExample";
			};
			name = Release;
		};
/* End XCBuildConfiguration section */

/* Begin XCConfigurationList section */
		8EBB18EC1B547FA700F98BD3 /* Build configuration list for PBXProject "Lesson12-CGExample" */ = {
			isa = XCConfigurationList;
			buildConfigurations = (
				8EBB190E1B547FA700F98BD3 /* Debug */,
				8EBB190F1B547FA700F98BD3 /* Release */,
			);
			defaultConfigurationIsVisible = 0;
			defaultConfigurationName = Release;
		};
		8EBB19101B547FA700F98BD3 /* Build configuration list for PBXNativeTarget "Lesson12-CGExample" */ = {
			isa = XCConfigurationList;
			buildConfigurations = (
				8EBB19111B547FA700F98BD3 /* Debug */,
				8EBB19121B547FA700F98BD3 /* Release */,
			);
			defaultConfigurationIsVisible = 0;
		};
		8EBB19131B547FA700F98BD3 /* Build configuration list for PBXNativeTarget "Lesson12-CGExampleTests" */ = {
			isa = XCConfigurationList;
			buildConfigurations = (
				8EBB19141B547FA700F98BD3 /* Debug */,
				8EBB19151B547FA700F98BD3 /* Release */,
			);
			defaultConfigurationIsVisible = 0;
		};
/* End XCConfigurationList section */
	};
	rootObject = 8EBB18E91B547FA700F98BD3 /* Project object */;
}
