// !$*UTF8*$!
{
	archiveVersion = 1;
	classes = {
	};
	objectVersion = 46;
	objects = {

/* Begin PBXBuildFile section */
		B101EF241B5495EA00592F17 /* AppDelegate.swift in Sources */ = {isa = PBXBuildFile; fileRef = B101EF231B5495EA00592F17 /* AppDelegate.swift */; };
		B101EF261B5495EA00592F17 /* ViewController.swift in Sources */ = {isa = PBXBuildFile; fileRef = B101EF251B5495EA00592F17 /* ViewController.swift */; };
		B101EF291B5495EA00592F17 /* Main.storyboard in Resources */ = {isa = PBXBuildFile; fileRef = B101EF271B5495EA00592F17 /* Main.storyboard */; };
		B101EF2B1B5495EA00592F17 /* Images.xcassets in Resources */ = {isa = PBXBuildFile; fileRef = B101EF2A1B5495EA00592F17 /* Images.xcassets */; };
		B101EF2E1B5495EA00592F17 /* LaunchScreen.xib in Resources */ = {isa = PBXBuildFile; fileRef = B101EF2C1B5495EA00592F17 /* LaunchScreen.xib */; };
		B101EF3A1B5495EB00592F17 /* lession_12_codeTests.swift in Sources */ = {isa = PBXBuildFile; fileRef = B101EF391B5495EB00592F17 /* lession_12_codeTests.swift */; };
/* End PBXBuildFile section */

/* Begin PBXContainerItemProxy section */
		B101EF341B5495EB00592F17 /* PBXContainerItemProxy */ = {
			isa = PBXContainerItemProxy;
			containerPortal = B101EF161B5495EA00592F17 /* Project object */;
			proxyType = 1;
			remoteGlobalIDString = B101EF1D1B5495EA00592F17;
			remoteInfo = "lession 12 code";
		};
/* End PBXContainerItemProxy section */

/* Begin PBXFileReference section */
		B101EF1E1B5495EA00592F17 /* lession 12 code.app */ = {isa = PBXFileReference; explicitFileType = wrapper.application; includeInIndex = 0; path = "lession 12 code.app"; sourceTree = BUILT_PRODUCTS_DIR; };
		B101EF221B5495EA00592F17 /* Info.plist */ = {isa = PBXFileReference; lastKnownFileType = text.plist.xml; path = Info.plist; sourceTree = "<group>"; };
		B101EF231B5495EA00592F17 /* AppDelegate.swift */ = {isa = PBXFileReference; lastKnownFileType = sourcecode.swift; path = AppDelegate.swift; sourceTree = "<group>"; };
		B101EF251B5495EA00592F17 /* ViewController.swift */ = {isa = PBXFileReference; lastKnownFileType = sourcecode.swift; path = ViewController.swift; sourceTree = "<group>"; };
		B101EF281B5495EA00592F17 /* Base */ = {isa = PBXFileReference; lastKnownFileType = file.storyboard; name = Base; path = Base.lproj/Main.storyboard; sourceTree = "<group>"; };
		B101EF2A1B5495EA00592F17 /* Images.xcassets */ = {isa = PBXFileReference; lastKnownFileType = folder.assetcatalog; path = Images.xcassets; sourceTree = "<group>"; };
		B101EF2D1B5495EA00592F17 /* Base */ = {isa = PBXFileReference; lastKnownFileType = file.xib; name = Base; path = Base.lproj/LaunchScreen.xib; sourceTree = "<group>"; };
		B101EF331B5495EB00592F17 /* lession 12 codeTests.xctest */ = {isa = PBXFileReference; explicitFileType = wrapper.cfbundle; includeInIndex = 0; path = "lession 12 codeTests.xctest"; sourceTree = BUILT_PRODUCTS_DIR; };
		B101EF381B5495EB00592F17 /* Info.plist */ = {isa = PBXFileReference; lastKnownFileType = text.plist.xml; path = Info.plist; sourceTree = "<group>"; };
		B101EF391B5495EB00592F17 /* lession_12_codeTests.swift */ = {isa = PBXFileReference; lastKnownFileType = sourcecode.swift; path = lession_12_codeTests.swift; sourceTree = "<group>"; };
/* End PBXFileReference section */

/* Begin PBXFrameworksBuildPhase section */
		B101EF1B1B5495EA00592F17 /* Frameworks */ = {
			isa = PBXFrameworksBuildPhase;
			buildActionMask = 2147483647;
			files = (
			);
			runOnlyForDeploymentPostprocessing = 0;
		};
		B101EF301B5495EB00592F17 /* Frameworks */ = {
			isa = PBXFrameworksBuildPhase;
			buildActionMask = 2147483647;
			files = (
			);
			runOnlyForDeploymentPostprocessing = 0;
		};
/* End PBXFrameworksBuildPhase section */

/* Begin PBXGroup section */
		B101EF151B5495EA00592F17 = {
			isa = PBXGroup;
			children = (
				B101EF201B5495EA00592F17 /* lession 12 code */,
				B101EF361B5495EB00592F17 /* lession 12 codeTests */,
				B101EF1F1B5495EA00592F17 /* Products */,
			);
			sourceTree = "<group>";
		};
		B101EF1F1B5495EA00592F17 /* Products */ = {
			isa = PBXGroup;
			children = (
				B101EF1E1B5495EA00592F17 /* lession 12 code.app */,
				B101EF331B5495EB00592F17 /* lession 12 codeTests.xctest */,
			);
			name = Products;
			sourceTree = "<group>";
		};
		B101EF201B5495EA00592F17 /* lession 12 code */ = {
			isa = PBXGroup;
			children = (
				B101EF231B5495EA00592F17 /* AppDelegate.swift */,
				B101EF251B5495EA00592F17 /* ViewController.swift */,
				B101EF271B5495EA00592F17 /* Main.storyboard */,
				B101EF2A1B5495EA00592F17 /* Images.xcassets */,
				B101EF2C1B5495EA00592F17 /* LaunchScreen.xib */,
				B101EF211B5495EA00592F17 /* Supporting Files */,
			);
			path = "lession 12 code";
			sourceTree = "<group>";
		};
		B101EF211B5495EA00592F17 /* Supporting Files */ = {
			isa = PBXGroup;
			children = (
				B101EF221B5495EA00592F17 /* Info.plist */,
			);
			name = "Supporting Files";
			sourceTree = "<group>";
		};
		B101EF361B5495EB00592F17 /* lession 12 codeTests */ = {
			isa = PBXGroup;
			children = (
				B101EF391B5495EB00592F17 /* lession_12_codeTests.swift */,
				B101EF371B5495EB00592F17 /* Supporting Files */,
			);
			path = "lession 12 codeTests";
			sourceTree = "<group>";
		};
		B101EF371B5495EB00592F17 /* Supporting Files */ = {
			isa = PBXGroup;
			children = (
				B101EF381B5495EB00592F17 /* Info.plist */,
			);
			name = "Supporting Files";
			sourceTree = "<group>";
		};
/* End PBXGroup section */

/* Begin PBXNativeTarget section */
		B101EF1D1B5495EA00592F17 /* lession 12 code */ = {
			isa = PBXNativeTarget;
			buildConfigurationList = B101EF3D1B5495EB00592F17 /* Build configuration list for PBXNativeTarget "lession 12 code" */;
			buildPhases = (
				B101EF1A1B5495EA00592F17 /* Sources */,
				B101EF1B1B5495EA00592F17 /* Frameworks */,
				B101EF1C1B5495EA00592F17 /* Resources */,
			);
			buildRules = (
			);
			dependencies = (
			);
			name = "lession 12 code";
			productName = "lession 12 code";
			productReference = B101EF1E1B5495EA00592F17 /* lession 12 code.app */;
			productType = "com.apple.product-type.application";
		};
		B101EF321B5495EB00592F17 /* lession 12 codeTests */ = {
			isa = PBXNativeTarget;
			buildConfigurationList = B101EF401B5495EB00592F17 /* Build configuration list for PBXNativeTarget "lession 12 codeTests" */;
			buildPhases = (
				B101EF2F1B5495EB00592F17 /* Sources */,
				B101EF301B5495EB00592F17 /* Frameworks */,
				B101EF311B5495EB00592F17 /* Resources */,
			);
			buildRules = (
			);
			dependencies = (
				B101EF351B5495EB00592F17 /* PBXTargetDependency */,
			);
			name = "lession 12 codeTests";
			productName = "lession 12 codeTests";
			productReference = B101EF331B5495EB00592F17 /* lession 12 codeTests.xctest */;
			productType = "com.apple.product-type.bundle.unit-test";
		};
/* End PBXNativeTarget section */

/* Begin PBXProject section */
		B101EF161B5495EA00592F17 /* Project object */ = {
			isa = PBXProject;
			attributes = {
				LastUpgradeCheck = 0640;
				ORGANIZATIONNAME = "Rashod Qaim";
				TargetAttributes = {
					B101EF1D1B5495EA00592F17 = {
						CreatedOnToolsVersion = 6.4;
					};
					B101EF321B5495EB00592F17 = {
						CreatedOnToolsVersion = 6.4;
						TestTargetID = B101EF1D1B5495EA00592F17;
					};
				};
			};
			buildConfigurationList = B101EF191B5495EA00592F17 /* Build configuration list for PBXProject "lession 12 code" */;
			compatibilityVersion = "Xcode 3.2";
			developmentRegion = English;
			hasScannedForEncodings = 0;
			knownRegions = (
				en,
				Base,
			);
			mainGroup = B101EF151B5495EA00592F17;
			productRefGroup = B101EF1F1B5495EA00592F17 /* Products */;
			projectDirPath = "";
			projectRoot = "";
			targets = (
				B101EF1D1B5495EA00592F17 /* lession 12 code */,
				B101EF321B5495EB00592F17 /* lession 12 codeTests */,
			);
		};
/* End PBXProject section */

/* Begin PBXResourcesBuildPhase section */
		B101EF1C1B5495EA00592F17 /* Resources */ = {
			isa = PBXResourcesBuildPhase;
			buildActionMask = 2147483647;
			files = (
				B101EF291B5495EA00592F17 /* Main.storyboard in Resources */,
				B101EF2E1B5495EA00592F17 /* LaunchScreen.xib in Resources */,
				B101EF2B1B5495EA00592F17 /* Images.xcassets in Resources */,
			);
			runOnlyForDeploymentPostprocessing = 0;
		};
		B101EF311B5495EB00592F17 /* Resources */ = {
			isa = PBXResourcesBuildPhase;
			buildActionMask = 2147483647;
			files = (
			);
			runOnlyForDeploymentPostprocessing = 0;
		};
/* End PBXResourcesBuildPhase section */

/* Begin PBXSourcesBuildPhase section */
		B101EF1A1B5495EA00592F17 /* Sources */ = {
			isa = PBXSourcesBuildPhase;
			buildActionMask = 2147483647;
			files = (
				B101EF261B5495EA00592F17 /* ViewController.swift in Sources */,
				B101EF241B5495EA00592F17 /* AppDelegate.swift in Sources */,
			);
			runOnlyForDeploymentPostprocessing = 0;
		};
		B101EF2F1B5495EB00592F17 /* Sources */ = {
			isa = PBXSourcesBuildPhase;
			buildActionMask = 2147483647;
			files = (
				B101EF3A1B5495EB00592F17 /* lession_12_codeTests.swift in Sources */,
			);
			runOnlyForDeploymentPostprocessing = 0;
		};
/* End PBXSourcesBuildPhase section */

/* Begin PBXTargetDependency section */
		B101EF351B5495EB00592F17 /* PBXTargetDependency */ = {
			isa = PBXTargetDependency;
			target = B101EF1D1B5495EA00592F17 /* lession 12 code */;
			targetProxy = B101EF341B5495EB00592F17 /* PBXContainerItemProxy */;
		};
/* End PBXTargetDependency section */

/* Begin PBXVariantGroup section */
		B101EF271B5495EA00592F17 /* Main.storyboard */ = {
			isa = PBXVariantGroup;
			children = (
				B101EF281B5495EA00592F17 /* Base */,
			);
			name = Main.storyboard;
			sourceTree = "<group>";
		};
		B101EF2C1B5495EA00592F17 /* LaunchScreen.xib */ = {
			isa = PBXVariantGroup;
			children = (
				B101EF2D1B5495EA00592F17 /* Base */,
			);
			name = LaunchScreen.xib;
			sourceTree = "<group>";
		};
/* End PBXVariantGroup section */

/* Begin XCBuildConfiguration section */
		B101EF3B1B5495EB00592F17 /* Debug */ = {
			isa = XCBuildConfiguration;
			buildSettings = {
				ALWAYS_SEARCH_USER_PATHS = NO;
				CLANG_CXX_LANGUAGE_STANDARD = "gnu++0x";
				CLANG_CXX_LIBRARY = "libc++";
				CLANG_ENABLE_MODULES = YES;
				CLANG_ENABLE_OBJC_ARC = YES;
				CLANG_WARN_BOOL_CONVERSION = YES;
				CLANG_WARN_CONSTANT_CONVERSION = YES;
				CLANG_WARN_DIRECT_OBJC_ISA_USAGE = YES_ERROR;
				CLANG_WARN_EMPTY_BODY = YES;
				CLANG_WARN_ENUM_CONVERSION = YES;
				CLANG_WARN_INT_CONVERSION = YES;
				CLANG_WARN_OBJC_ROOT_CLASS = YES_ERROR;
				CLANG_WARN_UNREACHABLE_CODE = YES;
				CLANG_WARN__DUPLICATE_METHOD_MATCH = YES;
				"CODE_SIGN_IDENTITY[sdk=iphoneos*]" = "iPhone Developer";
				COPY_PHASE_STRIP = NO;
				DEBUG_INFORMATION_FORMAT = "dwarf-with-dsym";
				ENABLE_STRICT_OBJC_MSGSEND = YES;
				GCC_C_LANGUAGE_STANDARD = gnu99;
				GCC_DYNAMIC_NO_PIC = NO;
				GCC_NO_COMMON_BLOCKS = YES;
				GCC_OPTIMIZATION_LEVEL = 0;
				GCC_PREPROCESSOR_DEFINITIONS = (
					"DEBUG=1",
					"$(inherited)",
				);
				GCC_SYMBOLS_PRIVATE_EXTERN = NO;
				GCC_WARN_64_TO_32_BIT_CONVERSION = YES;
				GCC_WARN_ABOUT_RETURN_TYPE = YES_ERROR;
				GCC_WARN_UNDECLARED_SELECTOR = YES;
				GCC_WARN_UNINITIALIZED_AUTOS = YES_AGGRESSIVE;
				GCC_WARN_UNUSED_FUNCTION = YES;
				GCC_WARN_UNUSED_VARIABLE = YES;
				IPHONEOS_DEPLOYMENT_TARGET = 8.4;
				MTL_ENABLE_DEBUG_INFO = YES;
				ONLY_ACTIVE_ARCH = YES;
				SDKROOT = iphoneos;
				SWIFT_OPTIMIZATION_LEVEL = "-Onone";
			};
			name = Debug;
		};
		B101EF3C1B5495EB00592F17 /* Release */ = {
			isa = XCBuildConfiguration;
			buildSettings = {
				ALWAYS_SEARCH_USER_PATHS = NO;
				CLANG_CXX_LANGUAGE_STANDARD = "gnu++0x";
				CLANG_CXX_LIBRARY = "libc++";
				CLANG_ENABLE_MODULES = YES;
				CLANG_ENABLE_OBJC_ARC = YES;
				CLANG_WARN_BOOL_CONVERSION = YES;
				CLANG_WARN_CONSTANT_CONVERSION = YES;
				CLANG_WARN_DIRECT_OBJC_ISA_USAGE = YES_ERROR;
				CLANG_WARN_EMPTY_BODY = YES;
				CLANG_WARN_ENUM_CONVERSION = YES;
				CLANG_WARN_INT_CONVERSION = YES;
				CLANG_WARN_OBJC_ROOT_CLASS = YES_ERROR;
				CLANG_WARN_UNREACHABLE_CODE = YES;
				CLANG_WARN__DUPLICATE_METHOD_MATCH = YES;
				"CODE_SIGN_IDENTITY[sdk=iphoneos*]" = "iPhone Developer";
				COPY_PHASE_STRIP = NO;
				DEBUG_INFORMATION_FORMAT = "dwarf-with-dsym";
				ENABLE_NS_ASSERTIONS = NO;
				ENABLE_STRICT_OBJC_MSGSEND = YES;
				GCC_C_LANGUAGE_STANDARD = gnu99;
				GCC_NO_COMMON_BLOCKS = YES;
				GCC_WARN_64_TO_32_BIT_CONVERSION = YES;
				GCC_WARN_ABOUT_RETURN_TYPE = YES_ERROR;
				GCC_WARN_UNDECLARED_SELECTOR = YES;
				GCC_WARN_UNINITIALIZED_AUTOS = YES_AGGRESSIVE;
				GCC_WARN_UNUSED_FUNCTION = YES;
				GCC_WARN_UNUSED_VARIABLE = YES;
				IPHONEOS_DEPLOYMENT_TARGET = 8.4;
				MTL_ENABLE_DEBUG_INFO = NO;
				SDKROOT = iphoneos;
				VALIDATE_PRODUCT = YES;
			};
			name = Release;
		};
		B101EF3E1B5495EB00592F17 /* Debug */ = {
			isa = XCBuildConfiguration;
			buildSettings = {
				ASSETCATALOG_COMPILER_APPICON_NAME = AppIcon;
				INFOPLIST_FILE = "lession 12 code/Info.plist";
				LD_RUNPATH_SEARCH_PATHS = "$(inherited) @executable_path/Frameworks";
				PRODUCT_NAME = "$(TARGET_NAME)";
			};
			name = Debug;
		};
		B101EF3F1B5495EB00592F17 /* Release */ = {
			isa = XCBuildConfiguration;
			buildSettings = {
				ASSETCATALOG_COMPILER_APPICON_NAME = AppIcon;
				INFOPLIST_FILE = "lession 12 code/Info.plist";
				LD_RUNPATH_SEARCH_PATHS = "$(inherited) @executable_path/Frameworks";
				PRODUCT_NAME = "$(TARGET_NAME)";
			};
			name = Release;
		};
		B101EF411B5495EB00592F17 /* Debug */ = {
			isa = XCBuildConfiguration;
			buildSettings = {
				BUNDLE_LOADER = "$(TEST_HOST)";
				FRAMEWORK_SEARCH_PATHS = (
					"$(SDKROOT)/Developer/Library/Frameworks",
					"$(inherited)",
				);
				GCC_PREPROCESSOR_DEFINITIONS = (
					"DEBUG=1",
					"$(inherited)",
				);
				INFOPLIST_FILE = "lession 12 codeTests/Info.plist";
				LD_RUNPATH_SEARCH_PATHS = "$(inherited) @executable_path/Frameworks @loader_path/Frameworks";
				PRODUCT_NAME = "$(TARGET_NAME)";
				TEST_HOST = "$(BUILT_PRODUCTS_DIR)/lession 12 code.app/lession 12 code";
			};
			name = Debug;
		};
		B101EF421B5495EB00592F17 /* Release */ = {
			isa = XCBuildConfiguration;
			buildSettings = {
				BUNDLE_LOADER = "$(TEST_HOST)";
				FRAMEWORK_SEARCH_PATHS = (
					"$(SDKROOT)/Developer/Library/Frameworks",
					"$(inherited)",
				);
				INFOPLIST_FILE = "lession 12 codeTests/Info.plist";
				LD_RUNPATH_SEARCH_PATHS = "$(inherited) @executable_path/Frameworks @loader_path/Frameworks";
				PRODUCT_NAME = "$(TARGET_NAME)";
				TEST_HOST = "$(BUILT_PRODUCTS_DIR)/lession 12 code.app/lession 12 code";
			};
			name = Release;
		};
/* End XCBuildConfiguration section */

/* Begin XCConfigurationList section */
		B101EF191B5495EA00592F17 /* Build configuration list for PBXProject "lession 12 code" */ = {
			isa = XCConfigurationList;
			buildConfigurations = (
				B101EF3B1B5495EB00592F17 /* Debug */,
				B101EF3C1B5495EB00592F17 /* Release */,
			);
			defaultConfigurationIsVisible = 0;
			defaultConfigurationName = Release;
		};
		B101EF3D1B5495EB00592F17 /* Build configuration list for PBXNativeTarget "lession 12 code" */ = {
			isa = XCConfigurationList;
			buildConfigurations = (
				B101EF3E1B5495EB00592F17 /* Debug */,
				B101EF3F1B5495EB00592F17 /* Release */,
			);
			defaultConfigurationIsVisible = 0;
		};
		B101EF401B5495EB00592F17 /* Build configuration list for PBXNativeTarget "lession 12 codeTests" */ = {
			isa = XCConfigurationList;
			buildConfigurations = (
				B101EF411B5495EB00592F17 /* Debug */,
				B101EF421B5495EB00592F17 /* Release */,
			);
			defaultConfigurationIsVisible = 0;
		};
/* End XCConfigurationList section */
	};
	rootObject = B101EF161B5495EA00592F17 /* Project object */;
}
