// !$*UTF8*$!
{
	archiveVersion = 1;
	classes = {
	};
	objectVersion = 46;
	objects = {

/* Begin PBXBuildFile section */
		8EFBBFA61B605880004D1611 /* AppDelegate.swift in Sources */ = {isa = PBXBuildFile; fileRef = 8EFBBFA51B605880004D1611 /* AppDelegate.swift */; };
		8EFBBFA81B605880004D1611 /* ViewController.swift in Sources */ = {isa = PBXBuildFile; fileRef = 8EFBBFA71B605880004D1611 /* ViewController.swift */; };
		8EFBBFAB1B605880004D1611 /* Main.storyboard in Resources */ = {isa = PBXBuildFile; fileRef = 8EFBBFA91B605880004D1611 /* Main.storyboard */; };
		8EFBBFAD1B605880004D1611 /* Images.xcassets in Resources */ = {isa = PBXBuildFile; fileRef = 8EFBBFAC1B605880004D1611 /* Images.xcassets */; };
		8EFBBFB01B605880004D1611 /* LaunchScreen.xib in Resources */ = {isa = PBXBuildFile; fileRef = 8EFBBFAE1B605880004D1611 /* LaunchScreen.xib */; };
		8EFBBFBC1B605880004D1611 /* Lesson15_DefaultsTests.swift in Sources */ = {isa = PBXBuildFile; fileRef = 8EFBBFBB1B605880004D1611 /* Lesson15_DefaultsTests.swift */; };
/* End PBXBuildFile section */

/* Begin PBXContainerItemProxy section */
		8EFBBFB61B605880004D1611 /* PBXContainerItemProxy */ = {
			isa = PBXContainerItemProxy;
			containerPortal = 8EFBBF981B605880004D1611 /* Project object */;
			proxyType = 1;
			remoteGlobalIDString = 8EFBBF9F1B605880004D1611;
			remoteInfo = "Lesson15-Defaults";
		};
/* End PBXContainerItemProxy section */

/* Begin PBXFileReference section */
		8EFBBFA01B605880004D1611 /* Lesson15-Defaults.app */ = {isa = PBXFileReference; explicitFileType = wrapper.application; includeInIndex = 0; path = "Lesson15-Defaults.app"; sourceTree = BUILT_PRODUCTS_DIR; };
		8EFBBFA41B605880004D1611 /* Info.plist */ = {isa = PBXFileReference; lastKnownFileType = text.plist.xml; path = Info.plist; sourceTree = "<group>"; };
		8EFBBFA51B605880004D1611 /* AppDelegate.swift */ = {isa = PBXFileReference; lastKnownFileType = sourcecode.swift; path = AppDelegate.swift; sourceTree = "<group>"; };
		8EFBBFA71B605880004D1611 /* ViewController.swift */ = {isa = PBXFileReference; lastKnownFileType = sourcecode.swift; path = ViewController.swift; sourceTree = "<group>"; };
		8EFBBFAA1B605880004D1611 /* Base */ = {isa = PBXFileReference; lastKnownFileType = file.storyboard; name = Base; path = Base.lproj/Main.storyboard; sourceTree = "<group>"; };
		8EFBBFAC1B605880004D1611 /* Images.xcassets */ = {isa = PBXFileReference; lastKnownFileType = folder.assetcatalog; path = Images.xcassets; sourceTree = "<group>"; };
		8EFBBFAF1B605880004D1611 /* Base */ = {isa = PBXFileReference; lastKnownFileType = file.xib; name = Base; path = Base.lproj/LaunchScreen.xib; sourceTree = "<group>"; };
		8EFBBFB51B605880004D1611 /* Lesson15-DefaultsTests.xctest */ = {isa = PBXFileReference; explicitFileType = wrapper.cfbundle; includeInIndex = 0; path = "Lesson15-DefaultsTests.xctest"; sourceTree = BUILT_PRODUCTS_DIR; };
		8EFBBFBA1B605880004D1611 /* Info.plist */ = {isa = PBXFileReference; lastKnownFileType = text.plist.xml; path = Info.plist; sourceTree = "<group>"; };
		8EFBBFBB1B605880004D1611 /* Lesson15_DefaultsTests.swift */ = {isa = PBXFileReference; lastKnownFileType = sourcecode.swift; path = Lesson15_DefaultsTests.swift; sourceTree = "<group>"; };
/* End PBXFileReference section */

/* Begin PBXFrameworksBuildPhase section */
		8EFBBF9D1B605880004D1611 /* Frameworks */ = {
			isa = PBXFrameworksBuildPhase;
			buildActionMask = 2147483647;
			files = (
			);
			runOnlyForDeploymentPostprocessing = 0;
		};
		8EFBBFB21B605880004D1611 /* Frameworks */ = {
			isa = PBXFrameworksBuildPhase;
			buildActionMask = 2147483647;
			files = (
			);
			runOnlyForDeploymentPostprocessing = 0;
		};
/* End PBXFrameworksBuildPhase section */

/* Begin PBXGroup section */
		8EFBBF971B605880004D1611 = {
			isa = PBXGroup;
			children = (
				8EFBBFA21B605880004D1611 /* Lesson15-Defaults */,
				8EFBBFB81B605880004D1611 /* Lesson15-DefaultsTests */,
				8EFBBFA11B605880004D1611 /* Products */,
			);
			sourceTree = "<group>";
		};
		8EFBBFA11B605880004D1611 /* Products */ = {
			isa = PBXGroup;
			children = (
				8EFBBFA01B605880004D1611 /* Lesson15-Defaults.app */,
				8EFBBFB51B605880004D1611 /* Lesson15-DefaultsTests.xctest */,
			);
			name = Products;
			sourceTree = "<group>";
		};
		8EFBBFA21B605880004D1611 /* Lesson15-Defaults */ = {
			isa = PBXGroup;
			children = (
				8EFBBFA51B605880004D1611 /* AppDelegate.swift */,
				8EFBBFA71B605880004D1611 /* ViewController.swift */,
				8EFBBFA91B605880004D1611 /* Main.storyboard */,
				8EFBBFAC1B605880004D1611 /* Images.xcassets */,
				8EFBBFAE1B605880004D1611 /* LaunchScreen.xib */,
				8EFBBFA31B605880004D1611 /* Supporting Files */,
			);
			path = "Lesson15-Defaults";
			sourceTree = "<group>";
		};
		8EFBBFA31B605880004D1611 /* Supporting Files */ = {
			isa = PBXGroup;
			children = (
				8EFBBFA41B605880004D1611 /* Info.plist */,
			);
			name = "Supporting Files";
			sourceTree = "<group>";
		};
		8EFBBFB81B605880004D1611 /* Lesson15-DefaultsTests */ = {
			isa = PBXGroup;
			children = (
				8EFBBFBB1B605880004D1611 /* Lesson15_DefaultsTests.swift */,
				8EFBBFB91B605880004D1611 /* Supporting Files */,
			);
			path = "Lesson15-DefaultsTests";
			sourceTree = "<group>";
		};
		8EFBBFB91B605880004D1611 /* Supporting Files */ = {
			isa = PBXGroup;
			children = (
				8EFBBFBA1B605880004D1611 /* Info.plist */,
			);
			name = "Supporting Files";
			sourceTree = "<group>";
		};
/* End PBXGroup section */

/* Begin PBXNativeTarget section */
		8EFBBF9F1B605880004D1611 /* Lesson15-Defaults */ = {
			isa = PBXNativeTarget;
			buildConfigurationList = 8EFBBFBF1B605880004D1611 /* Build configuration list for PBXNativeTarget "Lesson15-Defaults" */;
			buildPhases = (
				8EFBBF9C1B605880004D1611 /* Sources */,
				8EFBBF9D1B605880004D1611 /* Frameworks */,
				8EFBBF9E1B605880004D1611 /* Resources */,
			);
			buildRules = (
			);
			dependencies = (
			);
			name = "Lesson15-Defaults";
			productName = "Lesson15-Defaults";
			productReference = 8EFBBFA01B605880004D1611 /* Lesson15-Defaults.app */;
			productType = "com.apple.product-type.application";
		};
		8EFBBFB41B605880004D1611 /* Lesson15-DefaultsTests */ = {
			isa = PBXNativeTarget;
			buildConfigurationList = 8EFBBFC21B605880004D1611 /* Build configuration list for PBXNativeTarget "Lesson15-DefaultsTests" */;
			buildPhases = (
				8EFBBFB11B605880004D1611 /* Sources */,
				8EFBBFB21B605880004D1611 /* Frameworks */,
				8EFBBFB31B605880004D1611 /* Resources */,
			);
			buildRules = (
			);
			dependencies = (
				8EFBBFB71B605880004D1611 /* PBXTargetDependency */,
			);
			name = "Lesson15-DefaultsTests";
			productName = "Lesson15-DefaultsTests";
			productReference = 8EFBBFB51B605880004D1611 /* Lesson15-DefaultsTests.xctest */;
			productType = "com.apple.product-type.bundle.unit-test";
		};
/* End PBXNativeTarget section */

/* Begin PBXProject section */
		8EFBBF981B605880004D1611 /* Project object */ = {
			isa = PBXProject;
			attributes = {
				LastUpgradeCheck = 0640;
				ORGANIZATIONNAME = "Arthur Ariel Sabintsev";
				TargetAttributes = {
					8EFBBF9F1B605880004D1611 = {
						CreatedOnToolsVersion = 6.4;
					};
					8EFBBFB41B605880004D1611 = {
						CreatedOnToolsVersion = 6.4;
						TestTargetID = 8EFBBF9F1B605880004D1611;
					};
				};
			};
			buildConfigurationList = 8EFBBF9B1B605880004D1611 /* Build configuration list for PBXProject "Lesson15-Defaults" */;
			compatibilityVersion = "Xcode 3.2";
			developmentRegion = English;
			hasScannedForEncodings = 0;
			knownRegions = (
				en,
				Base,
			);
			mainGroup = 8EFBBF971B605880004D1611;
			productRefGroup = 8EFBBFA11B605880004D1611 /* Products */;
			projectDirPath = "";
			projectRoot = "";
			targets = (
				8EFBBF9F1B605880004D1611 /* Lesson15-Defaults */,
				8EFBBFB41B605880004D1611 /* Lesson15-DefaultsTests */,
			);
		};
/* End PBXProject section */

/* Begin PBXResourcesBuildPhase section */
		8EFBBF9E1B605880004D1611 /* Resources */ = {
			isa = PBXResourcesBuildPhase;
			buildActionMask = 2147483647;
			files = (
				8EFBBFAB1B605880004D1611 /* Main.storyboard in Resources */,
				8EFBBFB01B605880004D1611 /* LaunchScreen.xib in Resources */,
				8EFBBFAD1B605880004D1611 /* Images.xcassets in Resources */,
			);
			runOnlyForDeploymentPostprocessing = 0;
		};
		8EFBBFB31B605880004D1611 /* Resources */ = {
			isa = PBXResourcesBuildPhase;
			buildActionMask = 2147483647;
			files = (
			);
			runOnlyForDeploymentPostprocessing = 0;
		};
/* End PBXResourcesBuildPhase section */

/* Begin PBXSourcesBuildPhase section */
		8EFBBF9C1B605880004D1611 /* Sources */ = {
			isa = PBXSourcesBuildPhase;
			buildActionMask = 2147483647;
			files = (
				8EFBBFA81B605880004D1611 /* ViewController.swift in Sources */,
				8EFBBFA61B605880004D1611 /* AppDelegate.swift in Sources */,
			);
			runOnlyForDeploymentPostprocessing = 0;
		};
		8EFBBFB11B605880004D1611 /* Sources */ = {
			isa = PBXSourcesBuildPhase;
			buildActionMask = 2147483647;
			files = (
				8EFBBFBC1B605880004D1611 /* Lesson15_DefaultsTests.swift in Sources */,
			);
			runOnlyForDeploymentPostprocessing = 0;
		};
/* End PBXSourcesBuildPhase section */

/* Begin PBXTargetDependency section */
		8EFBBFB71B605880004D1611 /* PBXTargetDependency */ = {
			isa = PBXTargetDependency;
			target = 8EFBBF9F1B605880004D1611 /* Lesson15-Defaults */;
			targetProxy = 8EFBBFB61B605880004D1611 /* PBXContainerItemProxy */;
		};
/* End PBXTargetDependency section */

/* Begin PBXVariantGroup section */
		8EFBBFA91B605880004D1611 /* Main.storyboard */ = {
			isa = PBXVariantGroup;
			children = (
				8EFBBFAA1B605880004D1611 /* Base */,
			);
			name = Main.storyboard;
			sourceTree = "<group>";
		};
		8EFBBFAE1B605880004D1611 /* LaunchScreen.xib */ = {
			isa = PBXVariantGroup;
			children = (
				8EFBBFAF1B605880004D1611 /* Base */,
			);
			name = LaunchScreen.xib;
			sourceTree = "<group>";
		};
/* End PBXVariantGroup section */

/* Begin XCBuildConfiguration section */
		8EFBBFBD1B605880004D1611 /* Debug */ = {
			isa = XCBuildConfiguration;
			buildSettings = {
				ALWAYS_SEARCH_USER_PATHS = NO;
				CLANG_CXX_LANGUAGE_STANDARD = "gnu++0x";
				CLANG_CXX_LIBRARY = "libc++";
				CLANG_ENABLE_MODULES = YES;
				CLANG_ENABLE_OBJC_ARC = YES;
				CLANG_WARN_BOOL_CONVERSION = YES;
				CLANG_WARN_CONSTANT_CONVERSION = YES;
				CLANG_WARN_DIRECT_OBJC_ISA_USAGE = YES_ERROR;
				CLANG_WARN_EMPTY_BODY = YES;
				CLANG_WARN_ENUM_CONVERSION = YES;
				CLANG_WARN_INT_CONVERSION = YES;
				CLANG_WARN_OBJC_ROOT_CLASS = YES_ERROR;
				CLANG_WARN_UNREACHABLE_CODE = YES;
				CLANG_WARN__DUPLICATE_METHOD_MATCH = YES;
				"CODE_SIGN_IDENTITY[sdk=iphoneos*]" = "iPhone Developer";
				COPY_PHASE_STRIP = NO;
				DEBUG_INFORMATION_FORMAT = "dwarf-with-dsym";
				ENABLE_STRICT_OBJC_MSGSEND = YES;
				GCC_C_LANGUAGE_STANDARD = gnu99;
				GCC_DYNAMIC_NO_PIC = NO;
				GCC_NO_COMMON_BLOCKS = YES;
				GCC_OPTIMIZATION_LEVEL = 0;
				GCC_PREPROCESSOR_DEFINITIONS = (
					"DEBUG=1",
					"$(inherited)",
				);
				GCC_SYMBOLS_PRIVATE_EXTERN = NO;
				GCC_WARN_64_TO_32_BIT_CONVERSION = YES;
				GCC_WARN_ABOUT_RETURN_TYPE = YES_ERROR;
				GCC_WARN_UNDECLARED_SELECTOR = YES;
				GCC_WARN_UNINITIALIZED_AUTOS = YES_AGGRESSIVE;
				GCC_WARN_UNUSED_FUNCTION = YES;
				GCC_WARN_UNUSED_VARIABLE = YES;
				IPHONEOS_DEPLOYMENT_TARGET = 8.4;
				MTL_ENABLE_DEBUG_INFO = YES;
				ONLY_ACTIVE_ARCH = YES;
				SDKROOT = iphoneos;
				SWIFT_OPTIMIZATION_LEVEL = "-Onone";
			};
			name = Debug;
		};
		8EFBBFBE1B605880004D1611 /* Release */ = {
			isa = XCBuildConfiguration;
			buildSettings = {
				ALWAYS_SEARCH_USER_PATHS = NO;
				CLANG_CXX_LANGUAGE_STANDARD = "gnu++0x";
				CLANG_CXX_LIBRARY = "libc++";
				CLANG_ENABLE_MODULES = YES;
				CLANG_ENABLE_OBJC_ARC = YES;
				CLANG_WARN_BOOL_CONVERSION = YES;
				CLANG_WARN_CONSTANT_CONVERSION = YES;
				CLANG_WARN_DIRECT_OBJC_ISA_USAGE = YES_ERROR;
				CLANG_WARN_EMPTY_BODY = YES;
				CLANG_WARN_ENUM_CONVERSION = YES;
				CLANG_WARN_INT_CONVERSION = YES;
				CLANG_WARN_OBJC_ROOT_CLASS = YES_ERROR;
				CLANG_WARN_UNREACHABLE_CODE = YES;
				CLANG_WARN__DUPLICATE_METHOD_MATCH = YES;
				"CODE_SIGN_IDENTITY[sdk=iphoneos*]" = "iPhone Developer";
				COPY_PHASE_STRIP = NO;
				DEBUG_INFORMATION_FORMAT = "dwarf-with-dsym";
				ENABLE_NS_ASSERTIONS = NO;
				ENABLE_STRICT_OBJC_MSGSEND = YES;
				GCC_C_LANGUAGE_STANDARD = gnu99;
				GCC_NO_COMMON_BLOCKS = YES;
				GCC_WARN_64_TO_32_BIT_CONVERSION = YES;
				GCC_WARN_ABOUT_RETURN_TYPE = YES_ERROR;
				GCC_WARN_UNDECLARED_SELECTOR = YES;
				GCC_WARN_UNINITIALIZED_AUTOS = YES_AGGRESSIVE;
				GCC_WARN_UNUSED_FUNCTION = YES;
				GCC_WARN_UNUSED_VARIABLE = YES;
				IPHONEOS_DEPLOYMENT_TARGET = 8.4;
				MTL_ENABLE_DEBUG_INFO = NO;
				SDKROOT = iphoneos;
				VALIDATE_PRODUCT = YES;
			};
			name = Release;
		};
		8EFBBFC01B605880004D1611 /* Debug */ = {
			isa = XCBuildConfiguration;
			buildSettings = {
				ASSETCATALOG_COMPILER_APPICON_NAME = AppIcon;
				INFOPLIST_FILE = "Lesson15-Defaults/Info.plist";
				LD_RUNPATH_SEARCH_PATHS = "$(inherited) @executable_path/Frameworks";
				PRODUCT_NAME = "$(TARGET_NAME)";
			};
			name = Debug;
		};
		8EFBBFC11B605880004D1611 /* Release */ = {
			isa = XCBuildConfiguration;
			buildSettings = {
				ASSETCATALOG_COMPILER_APPICON_NAME = AppIcon;
				INFOPLIST_FILE = "Lesson15-Defaults/Info.plist";
				LD_RUNPATH_SEARCH_PATHS = "$(inherited) @executable_path/Frameworks";
				PRODUCT_NAME = "$(TARGET_NAME)";
			};
			name = Release;
		};
		8EFBBFC31B605880004D1611 /* Debug */ = {
			isa = XCBuildConfiguration;
			buildSettings = {
				BUNDLE_LOADER = "$(TEST_HOST)";
				FRAMEWORK_SEARCH_PATHS = (
					"$(SDKROOT)/Developer/Library/Frameworks",
					"$(inherited)",
				);
				GCC_PREPROCESSOR_DEFINITIONS = (
					"DEBUG=1",
					"$(inherited)",
				);
				INFOPLIST_FILE = "Lesson15-DefaultsTests/Info.plist";
				LD_RUNPATH_SEARCH_PATHS = "$(inherited) @executable_path/Frameworks @loader_path/Frameworks";
				PRODUCT_NAME = "$(TARGET_NAME)";
				TEST_HOST = "$(BUILT_PRODUCTS_DIR)/Lesson15-Defaults.app/Lesson15-Defaults";
			};
			name = Debug;
		};
		8EFBBFC41B605880004D1611 /* Release */ = {
			isa = XCBuildConfiguration;
			buildSettings = {
				BUNDLE_LOADER = "$(TEST_HOST)";
				FRAMEWORK_SEARCH_PATHS = (
					"$(SDKROOT)/Developer/Library/Frameworks",
					"$(inherited)",
				);
				INFOPLIST_FILE = "Lesson15-DefaultsTests/Info.plist";
				LD_RUNPATH_SEARCH_PATHS = "$(inherited) @executable_path/Frameworks @loader_path/Frameworks";
				PRODUCT_NAME = "$(TARGET_NAME)";
				TEST_HOST = "$(BUILT_PRODUCTS_DIR)/Lesson15-Defaults.app/Lesson15-Defaults";
			};
			name = Release;
		};
/* End XCBuildConfiguration section */

/* Begin XCConfigurationList section */
		8EFBBF9B1B605880004D1611 /* Build configuration list for PBXProject "Lesson15-Defaults" */ = {
			isa = XCConfigurationList;
			buildConfigurations = (
				8EFBBFBD1B605880004D1611 /* Debug */,
				8EFBBFBE1B605880004D1611 /* Release */,
			);
			defaultConfigurationIsVisible = 0;
			defaultConfigurationName = Release;
		};
		8EFBBFBF1B605880004D1611 /* Build configuration list for PBXNativeTarget "Lesson15-Defaults" */ = {
			isa = XCConfigurationList;
			buildConfigurations = (
				8EFBBFC01B605880004D1611 /* Debug */,
				8EFBBFC11B605880004D1611 /* Release */,
			);
			defaultConfigurationIsVisible = 0;
		};
		8EFBBFC21B605880004D1611 /* Build configuration list for PBXNativeTarget "Lesson15-DefaultsTests" */ = {
			isa = XCConfigurationList;
			buildConfigurations = (
				8EFBBFC31B605880004D1611 /* Debug */,
				8EFBBFC41B605880004D1611 /* Release */,
			);
			defaultConfigurationIsVisible = 0;
		};
/* End XCConfigurationList section */
	};
	rootObject = 8EFBBF981B605880004D1611 /* Project object */;
}
